
Microsoft Visual Studio Solution File, Format Version 12.00
# Visual Studio Version 17
VisualStudioVersion = 17.8.34511.84
MinimumVisualStudioVersion = 10.0.40219.1
Project("{9A19103F-16F7-4668-BE54-9A1E7A4F7556}") = "EventEase", "EventEase.csproj", "{CC9C0335-A9DB-4C4E-AB60-D792A07421D9}"
EndProject
Global
	GlobalSection(SolutionConfigurationPlatforms) = preSolution
		Debug|Any CPU = Debug|Any CPU
		Release|Any CPU = Release|Any CPU
	EndGlobalSection
	GlobalSection(ProjectConfigurationPlatforms) = postSolution
		{CC9C0335-A9DB-4C4E-AB60-D792A07421D9}.Debug|Any CPU.ActiveCfg = Debug|Any CPU
		{CC9C0335-A9DB-4C4E-AB60-D792A07421D9}.Debug|Any CPU.Build.0 = Debug|Any CPU
		{CC9C0335-A9DB-4C4E-AB60-D792A07421D9}.Release|Any CPU.ActiveCfg = Release|Any CPU
		{CC9C0335-A9DB-4C4E-AB60-D792A07421D9}.Release|Any CPU.Build.0 = Release|Any CPU
	EndGlobalSection
	GlobalSection(SolutionProperties) = preSolution
		HideSolutionNode = FALSE
	EndGlobalSection
	GlobalSection(ExtensibilityGlobals) = postSolution
		SolutionGuid = {86E9DA18-1506-4F14-91A6-306383B2433E}
	EndGlobalSection
EndGlobal
